{
  "name": "stellar-demo-wallet",
  "version": "0.0.1",
  "lockfileVersion": 1,
  "requires": true,
  "dependencies": {
    "@stencil/core": {
      "version": "1.8.4",
      "resolved": "https://registry.npmjs.org/@stencil/core/-/core-1.8.4.tgz",
      "integrity": "sha512-QqMd7PtqsnhZCqflGp1pQNhbMSaqJho9l5ZSZfbl2OP2q1SdVuKUl/vatAT+++Ml7duC6OZCNsvhLvvP6Mr7GQ==",
      "dev": true,
      "requires": {
        "typescript": "3.7.2"
      }
    },
    "@stencil/postcss": {
      "version": "1.0.1",
      "resolved": "https://registry.npmjs.org/@stencil/postcss/-/postcss-1.0.1.tgz",
      "integrity": "sha512-+QOLwdiMSeE6XbvjOM8bfMIX6E6L4DFLmnp0wZqCj4O/PVkNfEQA6IXZgd6F+OIfZ1wBy/dxR4Jvtwfo+QXa2g==",
      "dev": true,
      "requires": {
        "postcss": "~7.0.17"
      }
    },
    "@stencil/sass": {
      "version": "1.1.1",
      "resolved": "https://registry.npmjs.org/@stencil/sass/-/sass-1.1.1.tgz",
      "integrity": "sha512-Nny3JiFkpQa0RdXWCa4pzhKQYnHuDNzC9c4w35FcaZHXBVuZ1UHSHc7wI7By9SS1auYcySqpPOBVzgoCqXcYVQ==",
      "dev": true
    },
    "@types/autoprefixer": {
      "version": "9.6.1",
      "resolved": "https://registry.npmjs.org/@types/autoprefixer/-/autoprefixer-9.6.1.tgz",
      "integrity": "sha512-9aofAxm/OWxzu/Fq7lU/m2rX03f9Sr1OXF/3kEp6FNFYRFLgFcIUjxhNGgWqc5KMpXbkqxlJmc7wfab7jFj2dw==",
      "dev": true,
      "requires": {
        "@types/browserslist": "*",
        "postcss": "7.x.x"
      }
    },
    "@types/browserslist": {
      "version": "4.4.0",
      "resolved": "https://registry.npmjs.org/@types/browserslist/-/browserslist-4.4.0.tgz",
      "integrity": "sha512-hrIjWSu7Hh96/rKlpChe58qHEwIZ0+F5Zf4QNdvSVP5LUXbaJM04g9tBjo702VTNqPZr5znEJeqNR3nAV3vJPg==",
      "dev": true
    },
    "@types/eventsource": {
      "version": "1.1.2",
      "resolved": "https://registry.npmjs.org/@types/eventsource/-/eventsource-1.1.2.tgz",
      "integrity": "sha512-4AKWJ6tvEU4fk0770oAK4Z0lQUuSnc5ljHTcYZhQtdP7XMDKKvegGUC6xGD8+4+F+svZKAzlxbKnuGWfgMtgVA==",
      "dev": true
    },
    "@types/node": {
      "version": "13.7.0",
      "resolved": "https://registry.npmjs.org/@types/node/-/node-13.7.0.tgz",
      "integrity": "sha512-GnZbirvmqZUzMgkFn70c74OQpTTUcCzlhQliTzYjQMqg+hVKcDnxdL19Ne3UdYzdMA/+W3eb646FWn/ZaT1NfQ==",
      "dev": true
    },
    "@types/randombytes": {
      "version": "2.0.0",
      "resolved": "https://registry.npmjs.org/@types/randombytes/-/randombytes-2.0.0.tgz",
      "integrity": "sha512-bz8PhAVlwN72vqefzxa14DKNT8jK/mV66CSjwdVQM/k3Th3EPKfUtdMniwZgMedQTFuywAsfjnZsg+pEnltaMA==",
      "dev": true,
      "requires": {
        "@types/node": "*"
      }
    },
    "@types/urijs": {
      "version": "1.19.5",
      "resolved": "https://registry.npmjs.org/@types/urijs/-/urijs-1.19.5.tgz",
      "integrity": "sha512-LAyzQkr9rZDoHrv8xRcHStLo8Z4PbP3ZHMqw8WRr1T7Jn4O1z13Qkv+ed9e12pBXWaaqsBj1l4ADU/FlA/jn3w==",
      "dev": true
    },
    "ansi-styles": {
      "version": "3.2.1",
      "resolved": "https://registry.npmjs.org/ansi-styles/-/ansi-styles-3.2.1.tgz",
      "integrity": "sha512-VT0ZI6kZRdTh8YyJw3SMbYm/u+NqfsAxEpWO0Pf9sq8/e94WxxOpPKx9FR1FlyCtOVDNOQ+8ntlqFxiRc+r5qA==",
      "dev": true,
      "requires": {
        "color-convert": "^1.9.0"
      }
    },
    "autoprefixer": {
      "version": "9.7.4",
      "resolved": "https://registry.npmjs.org/autoprefixer/-/autoprefixer-9.7.4.tgz",
      "integrity": "sha512-g0Ya30YrMBAEZk60lp+qfX5YQllG+S5W3GYCFvyHTvhOki0AEQJLPEcIuGRsqVwLi8FvXPVtwTGhfr38hVpm0g==",
      "dev": true,
      "requires": {
        "browserslist": "^4.8.3",
        "caniuse-lite": "^1.0.30001020",
        "chalk": "^2.4.2",
        "normalize-range": "^0.1.2",
        "num2fraction": "^1.2.2",
        "postcss": "^7.0.26",
        "postcss-value-parser": "^4.0.2"
      }
    },
    "axios": {
      "version": "0.19.2",
      "resolved": "https://registry.npmjs.org/axios/-/axios-0.19.2.tgz",
      "integrity": "sha512-fjgm5MvRHLhx+osE2xoekY70AhARk3a6hkN+3Io1jc00jtquGvxYlKlsFUhmUET0V5te6CcZI7lcv2Ym61mjHA==",
      "dev": true,
      "requires": {
        "follow-redirects": "1.5.10"
      }
    },
    "base32.js": {
      "version": "0.1.0",
      "resolved": "https://registry.npmjs.org/base32.js/-/base32.js-0.1.0.tgz",
      "integrity": "sha1-tYLexpPC8R6JPPBk7mrFthMaIgI=",
      "dev": true
    },
    "base64-js": {
      "version": "1.3.1",
      "resolved": "https://registry.npmjs.org/base64-js/-/base64-js-1.3.1.tgz",
      "integrity": "sha512-mLQ4i2QO1ytvGWFWmcngKO//JXAQueZvwEKtjgQFM4jIK0kU+ytMfplL8j+n5mspOfjHwoAg+9yhb7BwAHm36g==",
      "dev": true
    },
    "bignumber.js": {
      "version": "4.1.0",
      "resolved": "https://registry.npmjs.org/bignumber.js/-/bignumber.js-4.1.0.tgz",
      "integrity": "sha512-eJzYkFYy9L4JzXsbymsFn3p54D+llV27oTQ+ziJG7WFRheJcNZilgVXMG0LoZtlQSKBsJdWtLFqOD0u+U0jZKA==",
      "dev": true
    },
    "browserslist": {
      "version": "4.8.6",
      "resolved": "https://registry.npmjs.org/browserslist/-/browserslist-4.8.6.tgz",
      "integrity": "sha512-ZHao85gf0eZ0ESxLfCp73GG9O/VTytYDIkIiZDlURppLTI9wErSM/5yAKEq6rcUdxBLjMELmrYUJGg5sxGKMHg==",
      "dev": true,
      "requires": {
        "caniuse-lite": "^1.0.30001023",
        "electron-to-chromium": "^1.3.341",
        "node-releases": "^1.1.47"
      }
    },
    "buffer": {
      "version": "5.4.3",
      "resolved": "https://registry.npmjs.org/buffer/-/buffer-5.4.3.tgz",
      "integrity": "sha512-zvj65TkFeIt3i6aj5bIvJDzjjQQGs4o/sNoezg1F1kYap9Nu2jcUdpwzRSJTHMMzG0H7bZkn4rNQpImhuxWX2A==",
      "dev": true,
      "requires": {
        "base64-js": "^1.0.2",
        "ieee754": "^1.1.4"
      }
    },
    "caniuse-lite": {
      "version": "1.0.30001025",
      "resolved": "https://registry.npmjs.org/caniuse-lite/-/caniuse-lite-1.0.30001025.tgz",
      "integrity": "sha512-SKyFdHYfXUZf5V85+PJgLYyit27q4wgvZuf8QTOk1osbypcROihMBlx9GRar2/pIcKH2r4OehdlBr9x6PXetAQ==",
      "dev": true
    },
    "chalk": {
      "version": "2.4.2",
      "resolved": "https://registry.npmjs.org/chalk/-/chalk-2.4.2.tgz",
      "integrity": "sha512-Mti+f9lpJNcwF4tWV8/OrTTtF1gZi+f8FqlyAdouralcFWFQWF2+NgCHShjkCb+IFBLq9buZwE1xckQU4peSuQ==",
      "dev": true,
      "requires": {
        "ansi-styles": "^3.2.1",
        "escape-string-regexp": "^1.0.5",
        "supports-color": "^5.3.0"
      },
      "dependencies": {
        "supports-color": {
          "version": "5.5.0",
          "resolved": "https://registry.npmjs.org/supports-color/-/supports-color-5.5.0.tgz",
          "integrity": "sha512-QjVjwdXIt408MIiAqCX4oUKsgU2EqAGzs2Ppkm4aQYbjm+ZEWEcW4SfFNTr4uMNZma0ey4f5lgLrkB0aX0QMow==",
          "dev": true,
          "requires": {
            "has-flag": "^3.0.0"
          }
        }
      }
    },
    "color-convert": {
      "version": "1.9.3",
      "resolved": "https://registry.npmjs.org/color-convert/-/color-convert-1.9.3.tgz",
      "integrity": "sha512-QfAUtd+vFdAtFQcC8CCyYt1fYWxSqAiK2cSD6zDB8N3cpsEBAvRxp9zOGg6G/SHHJYAT88/az/IuDGALsNVbGg==",
      "dev": true,
      "requires": {
        "color-name": "1.1.3"
      }
    },
    "color-name": {
      "version": "1.1.3",
      "resolved": "https://registry.npmjs.org/color-name/-/color-name-1.1.3.tgz",
      "integrity": "sha1-p9BVi9icQveV3UIyj3QIMcpTvCU=",
      "dev": true
    },
    "core-js": {
      "version": "2.6.11",
      "resolved": "https://registry.npmjs.org/core-js/-/core-js-2.6.11.tgz",
      "integrity": "sha512-5wjnpaT/3dV+XB4borEsnAYQchn00XSgTAWKDkEqv+K8KevjbzmofK6hfJ9TZIlpj2N0xQpazy7PiRQiWHqzWg==",
      "dev": true
    },
    "crc": {
      "version": "3.8.0",
      "resolved": "https://registry.npmjs.org/crc/-/crc-3.8.0.tgz",
      "integrity": "sha512-iX3mfgcTMIq3ZKLIsVFAbv7+Mc10kxabAGQb8HvjA1o3T1PIYprbakQ65d3I+2HGHt6nSKkM9PYjgoJO2KcFBQ==",
      "dev": true,
      "requires": {
        "buffer": "^5.1.0"
      }
    },
    "cursor": {
      "version": "0.1.5",
      "resolved": "https://registry.npmjs.org/cursor/-/cursor-0.1.5.tgz",
      "integrity": "sha1-6neMKwnTPC5WT9khRwdnUEg+uyw=",
      "dev": true
    },
    "debug": {
      "version": "3.1.0",
      "resolved": "https://registry.npmjs.org/debug/-/debug-3.1.0.tgz",
      "integrity": "sha512-OX8XqP7/1a9cqkxYw2yXss15f26NKWBpDXQd0/uK/KPqdQhxbPa994hnzjcE2VqQpDslf55723cKPUOGSmMY3g==",
      "dev": true,
      "requires": {
        "ms": "2.0.0"
      }
    },
    "detect-node": {
      "version": "2.0.4",
      "resolved": "https://registry.npmjs.org/detect-node/-/detect-node-2.0.4.tgz",
      "integrity": "sha512-ZIzRpLJrOj7jjP2miAtgqIfmzbxa4ZOr5jJc601zklsfEx9oTzmmj2nVpIPRpNlRTIh8lc1kyViIY7BWSGNmKw==",
      "dev": true
    },
    "electron-to-chromium": {
      "version": "1.3.345",
      "resolved": "https://registry.npmjs.org/electron-to-chromium/-/electron-to-chromium-1.3.345.tgz",
      "integrity": "sha512-f8nx53+Z9Y+SPWGg3YdHrbYYfIJAtbUjpFfW4X1RwTZ94iUG7geg9tV8HqzAXX7XTNgyWgAFvce4yce8ZKxKmg==",
      "dev": true
    },
    "es6-promise": {
      "version": "4.2.8",
      "resolved": "https://registry.npmjs.org/es6-promise/-/es6-promise-4.2.8.tgz",
      "integrity": "sha512-HJDGx5daxeIvxdBxvG2cb9g4tEvwIk3i8+nhX0yGrYmZUzbkdg8QbDevheDB8gd0//uPj4c1EQua8Q+MViT0/w==",
      "dev": true
    },
    "escape-string-regexp": {
      "version": "1.0.5",
      "resolved": "https://registry.npmjs.org/escape-string-regexp/-/escape-string-regexp-1.0.5.tgz",
      "integrity": "sha1-G2HAViGQqN/2rjuyzwIAyhMLhtQ=",
      "dev": true
    },
    "estree-walker": {
      "version": "0.6.1",
      "resolved": "https://registry.npmjs.org/estree-walker/-/estree-walker-0.6.1.tgz",
      "integrity": "sha512-SqmZANLWS0mnatqbSfRP5g8OXZC12Fgg1IwNtLsyHDzJizORW4khDfjPqJZsemPWBB2uqykUah5YpQ6epsqC/w==",
      "dev": true
    },
    "eventsource": {
      "version": "1.0.7",
      "resolved": "https://registry.npmjs.org/eventsource/-/eventsource-1.0.7.tgz",
      "integrity": "sha512-4Ln17+vVT0k8aWq+t/bF5arcS3EpT9gYtW66EPacdj/mAFevznsnyoHLPy2BA8gbIQeIHoPsvwmfBftfcG//BQ==",
      "dev": true,
      "requires": {
        "original": "^1.0.0"
      }
    },
    "follow-redirects": {
      "version": "1.5.10",
      "resolved": "https://registry.npmjs.org/follow-redirects/-/follow-redirects-1.5.10.tgz",
      "integrity": "sha512-0V5l4Cizzvqt5D44aTXbFZz+FtyXV1vrDN6qrelxtfYQKW0KO0W2T/hkE8xvGa/540LkZlkaUjO4ailYTFtHVQ==",
      "dev": true,
      "requires": {
        "debug": "=3.1.0"
      }
    },
    "has-flag": {
      "version": "3.0.0",
      "resolved": "https://registry.npmjs.org/has-flag/-/has-flag-3.0.0.tgz",
      "integrity": "sha1-tdRU3CGZriJWmfNGfloH87lVuv0=",
      "dev": true
    },
    "ieee754": {
      "version": "1.1.13",
      "resolved": "https://registry.npmjs.org/ieee754/-/ieee754-1.1.13.tgz",
      "integrity": "sha512-4vf7I2LYV/HaWerSo3XmlMkp5eZ83i+/CDluXi/IGTs/O1sejBNhTtnxzmRZfvOUqj7lZjqHkeTvpgSFDlWZTg==",
      "dev": true
    },
    "inherits": {
      "version": "2.0.4",
      "resolved": "https://registry.npmjs.org/inherits/-/inherits-2.0.4.tgz",
      "integrity": "sha512-k/vGaX4/Yla3WzyMCvTQOXYeIHvqOKtnqBduzTHpzpQZzAskKMhZ2K+EnBiSM9zGSoIFeMpXKxa4dYeZIQqewQ==",
      "dev": true
    },
    "ini": {
      "version": "1.3.5",
      "resolved": "https://registry.npmjs.org/ini/-/ini-1.3.5.tgz",
      "integrity": "sha512-RZY5huIKCMRWDUqZlEi72f/lmXKMvuszcMBduliQ3nnWbx9X/ZBQO7DijMEYS9EhHBb2qacRUMtC7svLwe0lcw==",
      "dev": true,
      "optional": true
    },
    "js-xdr": {
      "version": "1.1.3",
      "resolved": "https://registry.npmjs.org/js-xdr/-/js-xdr-1.1.3.tgz",
      "integrity": "sha512-zFg7dIc6lI7LiZ/eru5U/cOur/SJGkbKflgkwoFIiHewgpmBGsRJNKbeOh/8Ffzz5mYvfmsO6gHAe5wv/ZYM2g==",
      "dev": true,
      "requires": {
        "core-js": "^2.6.3",
        "cursor": "^0.1.5",
        "lodash": "^4.17.5",
        "long": "^2.2.3"
      }
    },
    "lodash": {
      "version": "4.17.15",
      "resolved": "https://registry.npmjs.org/lodash/-/lodash-4.17.15.tgz",
      "integrity": "sha512-8xOcRHvCjnocdS5cpwXQXVzmmh5e5+saE2QGoeQmbKmRS6J3VQppPOIt0MnmE+4xlZoumy0GPG0D0MVIQbNA1A==",
      "dev": true
    },
    "long": {
      "version": "2.4.0",
      "resolved": "https://registry.npmjs.org/long/-/long-2.4.0.tgz",
      "integrity": "sha1-n6GAux2VAM3CnEFWdmoZleH0Uk8=",
      "dev": true
    },
    "magic-string": {
      "version": "0.25.6",
      "resolved": "https://registry.npmjs.org/magic-string/-/magic-string-0.25.6.tgz",
      "integrity": "sha512-3a5LOMSGoCTH5rbqobC2HuDNRtE2glHZ8J7pK+QZYppyWA36yuNpsX994rIY2nCuyP7CZYy7lQq/X2jygiZ89g==",
      "dev": true,
      "requires": {
        "sourcemap-codec": "^1.4.4"
      }
    },
    "ms": {
      "version": "2.0.0",
      "resolved": "https://registry.npmjs.org/ms/-/ms-2.0.0.tgz",
      "integrity": "sha1-VgiurfwAvmwpAd9fmGF4jeDVl8g=",
      "dev": true
    },
    "nan": {
      "version": "2.14.0",
      "resolved": "https://registry.npmjs.org/nan/-/nan-2.14.0.tgz",
      "integrity": "sha512-INOFj37C7k3AfaNTtX8RhsTw7qRy7eLET14cROi9+5HAVbbHuIWUHEauBv5qT4Av2tWasiTY1Jw6puUNqRJXQg==",
      "dev": true,
      "optional": true
    },
    "node-gyp-build": {
      "version": "4.2.0",
      "resolved": "https://registry.npmjs.org/node-gyp-build/-/node-gyp-build-4.2.0.tgz",
      "integrity": "sha512-4oiumOLhCDU9Rronz8PZ5S4IvT39H5+JEv/hps9V8s7RSLhsac0TCP78ulnHXOo8X1wdpPiTayGlM1jr4IbnaQ==",
      "dev": true,
      "optional": true
    },
    "node-releases": {
      "version": "1.1.48",
      "resolved": "https://registry.npmjs.org/node-releases/-/node-releases-1.1.48.tgz",
      "integrity": "sha512-Hr8BbmUl1ujAST0K0snItzEA5zkJTQup8VNTKNfT6Zw8vTJkIiagUPNfxHmgDOyfFYNfKAul40sD0UEYTvwebw==",
      "dev": true,
      "requires": {
        "semver": "^6.3.0"
      }
    },
    "normalize-range": {
      "version": "0.1.2",
      "resolved": "https://registry.npmjs.org/normalize-range/-/normalize-range-0.1.2.tgz",
      "integrity": "sha1-LRDAa9/TEuqXd2laTShDlFa3WUI=",
      "dev": true
    },
    "num2fraction": {
      "version": "1.2.2",
      "resolved": "https://registry.npmjs.org/num2fraction/-/num2fraction-1.2.2.tgz",
      "integrity": "sha1-b2gragJ6Tp3fpFZM0lidHU5mnt4=",
      "dev": true
    },
    "original": {
      "version": "1.0.2",
      "resolved": "https://registry.npmjs.org/original/-/original-1.0.2.tgz",
      "integrity": "sha512-hyBVl6iqqUOJ8FqRe+l/gS8H+kKYjrEndd5Pm1MfBtsEKA038HkkdbAl/72EAXGyonD/PFsvmVG+EvcIpliMBg==",
      "dev": true,
      "requires": {
        "url-parse": "^1.4.3"
      }
    },
    "postcss": {
      "version": "7.0.26",
      "resolved": "https://registry.npmjs.org/postcss/-/postcss-7.0.26.tgz",
      "integrity": "sha512-IY4oRjpXWYshuTDFxMVkJDtWIk2LhsTlu8bZnbEJA4+bYT16Lvpo8Qv6EvDumhYRgzjZl489pmsY3qVgJQ08nA==",
      "dev": true,
      "requires": {
        "chalk": "^2.4.2",
        "source-map": "^0.6.1",
        "supports-color": "^6.1.0"
      }
    },
    "postcss-value-parser": {
      "version": "4.0.2",
      "resolved": "https://registry.npmjs.org/postcss-value-parser/-/postcss-value-parser-4.0.2.tgz",
      "integrity": "sha512-LmeoohTpp/K4UiyQCwuGWlONxXamGzCMtFxLq4W1nZVGIQLYvMCJx3yAF9qyyuFpflABI9yVdtJAqbihOsCsJQ==",
      "dev": true
    },
    "querystringify": {
      "version": "2.1.1",
      "resolved": "https://registry.npmjs.org/querystringify/-/querystringify-2.1.1.tgz",
      "integrity": "sha512-w7fLxIRCRT7U8Qu53jQnJyPkYZIaR4n5151KMfcJlO/A9397Wxb1amJvROTK6TOnp7PfoAmg/qXiNHI+08jRfA==",
      "dev": true
    },
    "randombytes": {
      "version": "2.1.0",
      "resolved": "https://registry.npmjs.org/randombytes/-/randombytes-2.1.0.tgz",
      "integrity": "sha512-vYl3iOX+4CKUWuxGi9Ukhie6fsqXqS9FE2Zaic4tNFD2N2QQaXOMFbuKK4QmDHC0JO6B1Zp41J0LpT0oR68amQ==",
      "dev": true,
      "requires": {
        "safe-buffer": "^5.1.0"
      }
    },
    "requires-port": {
      "version": "1.0.0",
      "resolved": "https://registry.npmjs.org/requires-port/-/requires-port-1.0.0.tgz",
      "integrity": "sha1-kl0mAdOaxIXgkc8NpcbmlNw9yv8=",
      "dev": true
    },
    "rollup-plugin-inject": {
      "version": "3.0.2",
      "resolved": "https://registry.npmjs.org/rollup-plugin-inject/-/rollup-plugin-inject-3.0.2.tgz",
      "integrity": "sha512-ptg9PQwzs3orn4jkgXJ74bfs5vYz1NCZlSQMBUA0wKcGp5i5pA1AO3fOUEte8enhGUC+iapTCzEWw2jEFFUO/w==",
      "dev": true,
      "requires": {
        "estree-walker": "^0.6.1",
        "magic-string": "^0.25.3",
        "rollup-pluginutils": "^2.8.1"
      }
    },
    "rollup-plugin-node-polyfills": {
      "version": "0.2.1",
      "resolved": "https://registry.npmjs.org/rollup-plugin-node-polyfills/-/rollup-plugin-node-polyfills-0.2.1.tgz",
      "integrity": "sha512-4kCrKPTJ6sK4/gLL/U5QzVT8cxJcofO0OU74tnB19F40cmuAKSzH5/siithxlofFEjwvw1YAhPmbvGNA6jEroA==",
      "dev": true,
      "requires": {
        "rollup-plugin-inject": "^3.0.0"
      }
    },
    "rollup-pluginutils": {
      "version": "2.8.2",
      "resolved": "https://registry.npmjs.org/rollup-pluginutils/-/rollup-pluginutils-2.8.2.tgz",
      "integrity": "sha512-EEp9NhnUkwY8aif6bxgovPHMoMoNr2FulJziTndpt5H9RdwC47GSGuII9XxpSdzVGM0GWrNPHV6ie1LTNJPaLQ==",
      "dev": true,
      "requires": {
        "estree-walker": "^0.6.1"
      }
    },
    "safe-buffer": {
      "version": "5.2.0",
      "resolved": "https://registry.npmjs.org/safe-buffer/-/safe-buffer-5.2.0.tgz",
      "integrity": "sha512-fZEwUGbVl7kouZs1jCdMLdt95hdIv0ZeHg6L7qPeciMZhZ+/gdesW4wgTARkrFWEpspjEATAzUGPG8N2jJiwbg==",
      "dev": true
    },
    "semver": {
      "version": "6.3.0",
      "resolved": "https://registry.npmjs.org/semver/-/semver-6.3.0.tgz",
      "integrity": "sha512-b39TBaTSfV6yBrapU89p5fKekE2m/NwnDocOVruQFS1/veMgdzuPcnOM34M6CwxW8jH/lxEa5rBoDeUwu5HHTw==",
      "dev": true
    },
    "sha.js": {
      "version": "2.4.11",
      "resolved": "https://registry.npmjs.org/sha.js/-/sha.js-2.4.11.tgz",
      "integrity": "sha512-QMEp5B7cftE7APOjk5Y6xgrbWu+WkLVQwk8JNjZ8nKRciZaByEW6MubieAiToS7+dwvrjGhH8jRXz3MVd0AYqQ==",
      "dev": true,
      "requires": {
        "inherits": "^2.0.1",
        "safe-buffer": "^5.0.1"
      }
    },
    "sodium-native": {
      "version": "2.4.9",
      "resolved": "https://registry.npmjs.org/sodium-native/-/sodium-native-2.4.9.tgz",
      "integrity": "sha512-mbkiyA2clyfwAyOFIzMvsV6ny2KrKEIhFVASJxWfsmgfUEymgLIS2MLHHcGIQMkrcKhPErRaMR5Dzv0EEn+BWg==",
      "dev": true,
      "optional": true,
      "requires": {
        "ini": "^1.3.5",
        "nan": "^2.14.0",
        "node-gyp-build": "^4.1.0"
      }
    },
    "source-map": {
      "version": "0.6.1",
      "resolved": "https://registry.npmjs.org/source-map/-/source-map-0.6.1.tgz",
      "integrity": "sha512-UjgapumWlbMhkBgzT7Ykc5YXUT46F0iKu8SGXq0bcwP5dz/h0Plj6enJqjz1Zbq2l5WaqYnrVbwWOWMyF3F47g==",
      "dev": true
    },
    "sourcemap-codec": {
      "version": "1.4.8",
      "resolved": "https://registry.npmjs.org/sourcemap-codec/-/sourcemap-codec-1.4.8.tgz",
      "integrity": "sha512-9NykojV5Uih4lgo5So5dtw+f0JgJX30KCNI8gwhz2J9A15wD0Ml6tjHKwf6fTSa6fAdVBdZeNOs9eJ71qCk8vA==",
      "dev": true
    },
    "stellar-base": {
      "version": "2.1.4",
      "resolved": "https://registry.npmjs.org/stellar-base/-/stellar-base-2.1.4.tgz",
      "integrity": "sha512-RbHjxqwAaeGHtIlnLdCeCBcGYqzxSUGfcy+KCFVSPc9/c2HoA0KeAh/NlsOq6V+Y7SL2gSoEQLF4ddOD6ToF+A==",
      "dev": true,
      "requires": {
        "base32.js": "^0.1.0",
        "bignumber.js": "^4.0.0",
        "crc": "^3.5.0",
        "js-xdr": "^1.1.3",
        "lodash": "^4.17.11",
        "sha.js": "^2.3.6",
        "sodium-native": "^2.3.0",
        "tweetnacl": "^1.0.0"
      }
    },
    "stellar-sdk": {
      "version": "3.3.0",
      "resolved": "https://registry.npmjs.org/stellar-sdk/-/stellar-sdk-3.3.0.tgz",
      "integrity": "sha512-RCVjuI+SfAhExUOpKbn4i7aNvydRZaIQve25wYr5YTWIiL9ULsEY7puG92CNA7u7PLwo94lLwaHeRwRuMSVtSw==",
      "dev": true,
      "requires": {
        "@types/eventsource": "^1.1.2",
        "@types/node": ">= 8",
        "@types/randombytes": "^2.0.0",
        "@types/urijs": "^1.19.2",
        "axios": "^0.19.0",
        "bignumber.js": "^4.0.0",
        "detect-node": "^2.0.4",
        "es6-promise": "^4.2.4",
        "eventsource": "^1.0.7",
        "lodash": "^4.17.11",
        "randombytes": "^2.1.0",
        "stellar-base": "^2.1.2",
        "toml": "^2.3.0",
        "tslib": "^1.10.0",
        "urijs": "^1.19.1",
        "utility-types": "^3.7.0"
      }
    },
    "supports-color": {
      "version": "6.1.0",
      "resolved": "https://registry.npmjs.org/supports-color/-/supports-color-6.1.0.tgz",
      "integrity": "sha512-qe1jfm1Mg7Nq/NSh6XE24gPXROEVsWHxC1LIx//XNlD9iw7YZQGjZNjYN7xGaEG6iKdA8EtNFW6R0gjnVXp+wQ==",
      "dev": true,
      "requires": {
        "has-flag": "^3.0.0"
      }
    },
    "toml": {
      "version": "2.3.6",
      "resolved": "https://registry.npmjs.org/toml/-/toml-2.3.6.tgz",
      "integrity": "sha512-gVweAectJU3ebq//Ferr2JUY4WKSDe5N+z0FvjDncLGyHmIDoxgY/2Ie4qfEIDm4IS7OA6Rmdm7pdEEdMcV/xQ==",
      "dev": true
    },
    "tslib": {
      "version": "1.10.0",
      "resolved": "https://registry.npmjs.org/tslib/-/tslib-1.10.0.tgz",
      "integrity": "sha512-qOebF53frne81cf0S9B41ByenJ3/IuH8yJKngAX35CmiZySA0khhkovshKK+jGCaMnVomla7gVlIcc3EvKPbTQ==",
      "dev": true
    },
    "tweetnacl": {
      "version": "1.0.2",
      "resolved": "https://registry.npmjs.org/tweetnacl/-/tweetnacl-1.0.2.tgz",
      "integrity": "sha512-+8aPRjmXgf1VqvyxSlBUzKzeYqVS9Ai8vZ28g+mL7dNQl1jlUTCMDZnvNQdAS1xTywMkIXwJsfipsR/6s2+syw==",
      "dev": true
    },
    "typescript": {
      "version": "3.7.2",
      "resolved": "https://registry.npmjs.org/typescript/-/typescript-3.7.2.tgz",
      "integrity": "sha512-ml7V7JfiN2Xwvcer+XAf2csGO1bPBdRbFCkYBczNZggrBZ9c7G3riSUeJmqEU5uOtXNPMhE3n+R4FA/3YOAWOQ==",
      "dev": true
    },
    "urijs": {
      "version": "1.19.2",
      "resolved": "https://registry.npmjs.org/urijs/-/urijs-1.19.2.tgz",
      "integrity": "sha512-s/UIq9ap4JPZ7H1EB5ULo/aOUbWqfDi7FKzMC2Nz+0Si8GiT1rIEaprt8hy3Vy2Ex2aJPpOQv4P4DuOZ+K1c6w==",
      "dev": true
    },
    "url-parse": {
      "version": "1.4.7",
      "resolved": "https://registry.npmjs.org/url-parse/-/url-parse-1.4.7.tgz",
      "integrity": "sha512-d3uaVyzDB9tQoSXFvuSUNFibTd9zxd2bkVrDRvF5TmvWWQwqE4lgYJ5m+x1DbecWkw+LK4RNl2CU1hHuOKPVlg==",
      "dev": true,
      "requires": {
        "querystringify": "^2.1.1",
        "requires-port": "^1.0.0"
      }
    },
    "utility-types": {
      "version": "3.10.0",
      "resolved": "https://registry.npmjs.org/utility-types/-/utility-types-3.10.0.tgz",
      "integrity": "sha512-O11mqxmi7wMKCo6HKFt5AhO4BwY3VV68YU07tgxfz8zJTIxr4BpsezN49Ffwy9j3ZpwwJp4fkRwjRzq3uWE6Rg==",
      "dev": true
    }
  }
}
